PODS:
  - FBSnapshotTestCase (2.1.4):
    - FBSnapshotTestCase/SwiftSupport (= 2.1.4)
  - FBSnapshotTestCase/Core (2.1.4)
  - FBSnapshotTestCase/SwiftSupport (2.1.4):
    - FBSnapshotTestCase/Core
  - Kiwi (3.0.0)
  - MyRunPodDemo (0.1.0)

DEPENDENCIES:
  - FBSnapshotTestCase
  - Kiwi
  - MyRunPodDemo (from `../`)

SPEC REPOS:
  trunk:
    - FBSnapshotTestCase
    - Kiwi

EXTERNAL SOURCES:
  MyRunPodDemo:
    :path: "../"

SPEC CHECKSUMS:
  FBSnapshotTestCase: 094f9f314decbabe373b87cc339bea235a63e07a
  Kiwi: fbeafef0f00e4d8f7dcb3420a4930afe70af77f7
  MyRunPodDemo: 23cc7820cfa34cb0cfee9b24e4f58472883663a2

PODFILE CHECKSUM: a2a4a4ba8e4109b196216641f5c83d4f59462838

COCOAPODS: 1.9.3
